lockfileVersion: 5.3

specifiers:
  '@rollup/plugin-commonjs': ^19.0.0
  '@rollup/plugin-node-resolve': ^13.0.0
  just-camel-case: ~4.0.2
  just-capitalize: ~1.0.1
  just-cartesian-product: ~1.0.2
  just-clamp: ~3.2.1
  just-clone: ~3.2.1
  just-compact: ~2.2.0
  just-compare: ~1.4.0
  just-compose: ~1.1.0
  just-curry-it: ~3.2.1
  just-debounce-it: ~1.5.0
  just-demethodize: ~2.1.0
  just-diff: ~3.1.1
  just-diff-apply: ~3.0.0
  just-entries: ~1.1.0
  just-extend: ~4.2.1
  just-filter-object: ~1.3.0
  just-flatten-it: ~3.2.0
  just-flip: ~1.1.0
  just-flip-object: ~1.1.0
  just-flush: ~1.1.0
  just-group-by: ~1.1.1
  just-index: ~2.2.1
  just-insert: ~2.2.1
  just-intersect: ~3.2.0
  just-is-circular: ~1.1.0
  just-is-empty: ~2.0.1
  just-is-prime: ~1.1.1
  just-is-primitive: ~1.1.0
  just-kebab-case: ~1.1.0
  just-last: ~2.2.0
  just-left-pad: ~2.1.0
  just-map-keys: ~1.1.0
  just-map-object: ~1.2.0
  just-map-values: ~1.2.1
  just-mean: ~1.1.0
  just-median: ~1.0.2
  just-memoize: ~1.1.0
  just-merge: ~1.2.0
  just-mode: ~1.0.0
  just-modulo: ~1.2.1
  just-omit: ~1.1.0
  just-once: ~1.1.1
  just-partial-it: ~2.1.1
  just-partition: ~1.2.0
  just-pascal-case: ~1.1.0
  just-percentile: ~1.0.1
  just-permutations: ~1.0.0
  just-pick: ~2.2.1
  just-pluck-it: ~1.2.0
  just-prune: ~1.1.0
  just-random: ~2.1.0
  just-range: ~2.2.0
  just-reduce-object: ~1.1.0
  just-remove: ~2.1.0
  just-replace-all: ~1.0.0
  just-right-pad: ~2.1.0
  just-safe-get: ~2.1.2
  just-safe-set: ~2.2.2
  just-shuffle: ~3.1.0
  just-skewness: ~1.0.2
  just-snake-case: ~1.2.1
  just-sort-by: ~1.0.0
  just-split: ~2.2.1
  just-split-at: ~2.2.0
  just-squash: ~1.1.0
  just-stdev: ~1.0.0
  just-tail: ~2.2.0
  just-template: ~1.2.0
  just-throttle: ~2.3.1
  just-truncate: ~1.1.0
  just-typeof: ~2.0.0
  just-union: ~2.2.0
  just-unique: ~3.3.0
  just-values: ~1.1.0
  just-variance: ~1.0.0
  just-zip-it: ~2.1.0
  rimraf: ^3.0.2
  rollup: ^2.52.4

devDependencies:
  '@rollup/plugin-commonjs': 19.0.0_rollup@2.52.4
  '@rollup/plugin-node-resolve': 13.0.0_rollup@2.52.4
  just-camel-case: 4.0.2
  just-capitalize: 1.0.1
  just-cartesian-product: 1.0.2
  just-clamp: 3.2.1
  just-clone: 3.2.1
  just-compact: 2.2.0
  just-compare: 1.4.0
  just-compose: 1.1.0
  just-curry-it: 3.2.1
  just-debounce-it: 1.5.0
  just-demethodize: 2.1.0
  just-diff: 3.1.1
  just-diff-apply: 3.0.0
  just-entries: 1.1.0
  just-extend: 4.2.1
  just-filter-object: 1.3.0
  just-flatten-it: 3.2.0
  just-flip: 1.1.0
  just-flip-object: 1.1.0
  just-flush: 1.1.0
  just-group-by: 1.1.1
  just-index: 2.2.1
  just-insert: 2.2.1
  just-intersect: 3.2.0
  just-is-circular: 1.1.0
  just-is-empty: 2.0.1
  just-is-prime: 1.1.1
  just-is-primitive: 1.1.0
  just-kebab-case: 1.1.0
  just-last: 2.2.0
  just-left-pad: 2.1.0
  just-map-keys: 1.1.0
  just-map-object: 1.2.0
  just-map-values: 1.2.1
  just-mean: 1.1.0
  just-median: 1.0.2
  just-memoize: 1.1.0
  just-merge: 1.2.0
  just-mode: 1.0.0
  just-modulo: 1.2.1
  just-omit: 1.1.0
  just-once: 1.1.1
  just-partial-it: 2.1.1
  just-partition: 1.2.0
  just-pascal-case: 1.1.0
  just-percentile: 1.0.1
  just-permutations: 1.0.0
  just-pick: 2.2.1
  just-pluck-it: 1.2.0
  just-prune: 1.1.0
  just-random: 2.1.0
  just-range: 2.2.0
  just-reduce-object: 1.1.0
  just-remove: 2.1.0
  just-replace-all: 1.0.0
  just-right-pad: 2.1.0
  just-safe-get: 2.1.2
  just-safe-set: 2.2.2
  just-shuffle: 3.1.0
  just-skewness: 1.0.2
  just-snake-case: 1.2.1
  just-sort-by: 1.0.0
  just-split: 2.2.1
  just-split-at: 2.2.0
  just-squash: 1.1.0
  just-stdev: 1.0.0
  just-tail: 2.2.0
  just-template: 1.2.0
  just-throttle: 2.3.1
  just-truncate: 1.1.0
  just-typeof: 2.0.0
  just-union: 2.2.0
  just-unique: 3.3.0
  just-values: 1.1.0
  just-variance: 1.0.0
  just-zip-it: 2.1.0
  rimraf: 3.0.2
  rollup: 2.52.4

packages:

  /@rollup/plugin-commonjs/19.0.0_rollup@2.52.4:
    resolution: {integrity: sha512-adTpD6ATGbehdaQoZQ6ipDFhdjqsTgpOAhFiPwl+dzre4pPshsecptDPyEFb61JMJ1+mGljktaC4jI8ARMSNyw==}
    engines: {node: '>= 8.0.0'}
    peerDependencies:
      rollup: ^2.38.3
    dependencies:
      '@rollup/pluginutils': 3.1.0_rollup@2.52.4
      commondir: 1.0.1
      estree-walker: 2.0.2
      glob: 7.1.7
      is-reference: 1.2.1
      magic-string: 0.25.7
      resolve: 1.20.0
      rollup: 2.52.4
    dev: true

  /@rollup/plugin-node-resolve/13.0.0_rollup@2.52.4:
    resolution: {integrity: sha512-41X411HJ3oikIDivT5OKe9EZ6ud6DXudtfNrGbC4nniaxx2esiWjkLOzgnZsWq1IM8YIeL2rzRGLZLBjlhnZtQ==}
    engines: {node: '>= 10.0.0'}
    peerDependencies:
      rollup: ^2.42.0
    dependencies:
      '@rollup/pluginutils': 3.1.0_rollup@2.52.4
      '@types/resolve': 1.17.1
      builtin-modules: 3.2.0
      deepmerge: 4.2.2
      is-module: 1.0.0
      resolve: 1.20.0
      rollup: 2.52.4
    dev: true

  /@rollup/pluginutils/3.1.0_rollup@2.52.4:
    resolution: {integrity: sha512-GksZ6pr6TpIjHm8h9lSQ8pi8BE9VeubNT0OMJ3B5uZJ8pz73NPiqOtCog/x2/QzM1ENChPKxMDhiQuRHsqc+lg==}
    engines: {node: '>= 8.0.0'}
    peerDependencies:
      rollup: ^1.20.0||^2.0.0
    dependencies:
      '@types/estree': 0.0.39
      estree-walker: 1.0.1
      picomatch: 2.3.0
      rollup: 2.52.4
    dev: true

  /@types/estree/0.0.39:
    resolution: {integrity: sha512-EYNwp3bU+98cpU4lAWYYL7Zz+2gryWH1qbdDTidVd6hkiR6weksdbMadyXKXNPEkQFhXM+hVO9ZygomHXp+AIw==}
    dev: true

  /@types/estree/0.0.48:
    resolution: {integrity: sha512-LfZwXoGUDo0C3me81HXgkBg5CTQYb6xzEl+fNmbO4JdRiSKQ8A0GD1OBBvKAIsbCUgoyAty7m99GqqMQe784ew==}
    dev: true

  /@types/node/15.12.5:
    resolution: {integrity: sha512-se3yX7UHv5Bscf8f1ERKvQOD6sTyycH3hdaoozvaLxgUiY5lIGEeH37AD0G0Qi9kPqihPn0HOfd2yaIEN9VwEg==}
    dev: true

  /@types/resolve/1.17.1:
    resolution: {integrity: sha512-yy7HuzQhj0dhGpD8RLXSZWEkLsV9ibvxvi6EiJ3bkqLAO1RGo0WbkWQiwpRlSFymTJRz0d3k5LM3kkx8ArDbLw==}
    dependencies:
      '@types/node': 15.12.5
    dev: true

  /balanced-match/1.0.2:
    resolution: {integrity: sha512-3oSeUO0TMV67hN1AmbXsK4yaqU7tjiHlbxRDZOpH0KW9+CeX4bRAaX0Anxt0tx2MrpRpWwQaPwIlISEJhYU5Pw==}
    dev: true

  /brace-expansion/1.1.11:
    resolution: {integrity: sha512-iCuPHDFgrHX7H2vEI/5xpz07zSHB00TpugqhmYtVmMO6518mCuRMoOYFldEBl0g187ufozdaHgWKcYFb61qGiA==}
    dependencies:
      balanced-match: 1.0.2
      concat-map: 0.0.1
    dev: true

  /builtin-modules/3.2.0:
    resolution: {integrity: sha512-lGzLKcioL90C7wMczpkY0n/oART3MbBa8R9OFGE1rJxoVI86u4WAGfEk8Wjv10eKSyTHVGkSo3bvBylCEtk7LA==}
    engines: {node: '>=6'}
    dev: true

  /commondir/1.0.1:
    resolution: {integrity: sha1-3dgA2gxmEnOTzKWVDqloo6rxJTs=}
    dev: true

  /concat-map/0.0.1:
    resolution: {integrity: sha1-2Klr13/Wjfd5OnMDajug1UBdR3s=}
    dev: true

  /deepmerge/4.2.2:
    resolution: {integrity: sha512-FJ3UgI4gIl+PHZm53knsuSFpE+nESMr7M4v9QcgB7S63Kj/6WqMiFQJpBBYz1Pt+66bZpP3Q7Lye0Oo9MPKEdg==}
    engines: {node: '>=0.10.0'}
    dev: true

  /estree-walker/1.0.1:
    resolution: {integrity: sha512-1fMXF3YP4pZZVozF8j/ZLfvnR8NSIljt56UhbZ5PeeDmmGHpgpdwQt7ITlGvYaQukCvuBRMLEiKiYC+oeIg4cg==}
    dev: true

  /estree-walker/2.0.2:
    resolution: {integrity: sha512-Rfkk/Mp/DL7JVje3u18FxFujQlTNR2q6QfMSMB7AvCBx91NGj/ba3kCfza0f6dVDbw7YlRf/nDrn7pQrCCyQ/w==}
    dev: true

  /fs.realpath/1.0.0:
    resolution: {integrity: sha1-FQStJSMVjKpA20onh8sBQRmU6k8=}
    dev: true

  /fsevents/2.3.2:
    resolution: {integrity: sha512-xiqMQR4xAeHTuB9uWm+fFRcIOgKBMiOBP+eXiyT7jsgVCq1bkVygt00oASowB7EdtpOHaaPgKt812P9ab+DDKA==}
    engines: {node: ^8.16.0 || ^10.6.0 || >=11.0.0}
    os: [darwin]
    dev: true
    optional: true

  /function-bind/1.1.1:
    resolution: {integrity: sha512-yIovAzMX49sF8Yl58fSCWJ5svSLuaibPxXQJFLmBObTuCr0Mf1KiPopGM9NiFjiYBCbfaa2Fh6breQ6ANVTI0A==}
    dev: true

  /glob/7.1.7:
    resolution: {integrity: sha512-OvD9ENzPLbegENnYP5UUfJIirTg4+XwMWGaQfQTY0JenxNvvIKP3U3/tAQSPIu/lHxXYSZmpXlUHeqAIdKzBLQ==}
    dependencies:
      fs.realpath: 1.0.0
      inflight: 1.0.6
      inherits: 2.0.4
      minimatch: 3.0.4
      once: 1.4.0
      path-is-absolute: 1.0.1
    dev: true

  /has/1.0.3:
    resolution: {integrity: sha512-f2dvO0VU6Oej7RkWJGrehjbzMAjFp5/VKPp5tTpWIV4JHHZK1/BxbFRtf/siA2SWTe09caDmVtYYzWEIbBS4zw==}
    engines: {node: '>= 0.4.0'}
    dependencies:
      function-bind: 1.1.1
    dev: true

  /inflight/1.0.6:
    resolution: {integrity: sha1-Sb1jMdfQLQwJvJEKEHW6gWW1bfk=}
    dependencies:
      once: 1.4.0
      wrappy: 1.0.2
    dev: true

  /inherits/2.0.4:
    resolution: {integrity: sha512-k/vGaX4/Yla3WzyMCvTQOXYeIHvqOKtnqBduzTHpzpQZzAskKMhZ2K+EnBiSM9zGSoIFeMpXKxa4dYeZIQqewQ==}
    dev: true

  /is-core-module/2.4.0:
    resolution: {integrity: sha512-6A2fkfq1rfeQZjxrZJGerpLCTHRNEBiSgnu0+obeJpEPZRUooHgsizvzv0ZjJwOz3iWIHdJtVWJ/tmPr3D21/A==}
    dependencies:
      has: 1.0.3
    dev: true

  /is-module/1.0.0:
    resolution: {integrity: sha1-Mlj7afeMFNW4FdZkM2tM/7ZEFZE=}
    dev: true

  /is-reference/1.2.1:
    resolution: {integrity: sha512-U82MsXXiFIrjCK4otLT+o2NA2Cd2g5MLoOVXUZjIOhLurrRxpEXzI8O0KZHr3IjLvlAH1kTPYSuqer5T9ZVBKQ==}
    dependencies:
      '@types/estree': 0.0.48
    dev: true

  /just-camel-case/4.0.2:
    resolution: {integrity: sha512-df6QI/EIq+6uHe/wtaa9Qq7/pp4wr4pJC/r1+7XhVL6m5j03G6h9u9/rIZr8rDASX7CxwDPQnZjffCo2e6PRLw==}
    dev: true

  /just-capitalize/1.0.1:
    resolution: {integrity: sha512-K7FY7ObOLfwr3QxjOLT8ECNgJOWcZ46KSoUZVZTEMMEK1yIOQBqgMgHXN+7rPRAw8LH10YG89pOudIMzyy0jdQ==}
    dev: true

  /just-cartesian-product/1.0.2:
    resolution: {integrity: sha512-AfRHUJwe1TjUM5S2C78HOdzkbfUiZraE7VFePIDbjJ094t7+oUvbA3TZhGpxX0bgUNczSyZCeiYrcqhMxTG1RQ==}
    dev: true

  /just-clamp/3.2.1:
    resolution: {integrity: sha512-bi/fLu9O9v2LXpVNhUjyB3Kw61GqvPnQZM8G+kvdbk1jgX4M61u4dm6U/TDjKtlIJ8tvpPFRKszOJdHSi/H1nQ==}
    dev: true

  /just-clone/3.2.1:
    resolution: {integrity: sha512-PFotEVrrzAnwuWTUOFquDShWrHnUnhxNrVs1VFqkNfnoH3Sn5XUlDOePYn2Vv5cN8xV2y69jf8qEoQHm7eoLnw==}
    dev: true

  /just-compact/2.2.0:
    resolution: {integrity: sha512-YnT403Q2T8K1MtzmFrhz3xrX8v4LIdsnMXqXVq0yHT+AJETZGET5EIoFcql09jdvnBsBXIrNWYj5Bd8wRo9hig==}
    dev: true

  /just-compare/1.4.0:
    resolution: {integrity: sha512-uNZ4VC7/WoBWAasr2FDOYtIb7S6e4K4ERJTnyYHSBltJQ3/Qg2c/HX+vFT4Zas5tw/e/jWxvaaOD84QcgCxRGw==}
    dev: true

  /just-compose/1.1.0:
    resolution: {integrity: sha512-X9X19Xe3uigbsAL9084V0yWyAv0ZoFnvTSeYg/ElL/ui12lz3kL+enzUimCL9bSJmL7FuL4dfICYBmeSJLtMkg==}
    dev: true

  /just-curry-it/3.2.1:
    resolution: {integrity: sha512-Q8206k8pTY7krW32cdmPsP+DqqLgWx/hYPSj9/+7SYqSqz7UuwPbfSe07lQtvuuaVyiSJveXk0E5RydOuWwsEg==}
    dev: true

  /just-debounce-it/1.5.0:
    resolution: {integrity: sha512-itSWJS5d2DTSCizVJ2Z0Djx/dGmUGfZe7WNfUfVP23+htGcIcPHbEjL4eB8ljojTs/+oYwLexImRRCP0A2WXjA==}
    dev: true

  /just-demethodize/2.1.0:
    resolution: {integrity: sha512-tFFIq2mKd30ekHgR9MRsMrFuVkUev2rAMQDiCp7RDLbrdd/elTYYhtsCBBB2dyary2qvMnlc9WUE0uboWkTAaw==}
    dev: true

  /just-diff-apply/3.0.0:
    resolution: {integrity: sha512-K2MLc+ZC2DVxX4V61bIKPeMUUfj1YYZ3h0myhchDXOW1cKoPZMnjIoNCqv9bF2n5Oob1PFxuR2gVJxkxz4e58w==}
    dev: true

  /just-diff/3.1.1:
    resolution: {integrity: sha512-sdMWKjRq8qWZEjDcVA6llnUT8RDEBIfOiGpYFPYa9u+2c39JCsejktSP7mj5eRid5EIvTzIpQ2kDOCw1Nq9BjQ==}
    dev: true

  /just-entries/1.1.0:
    resolution: {integrity: sha512-2Qp/oL4aUnSwKyWaKdIpTWT0ZxGBUFiSxqLpA+bXE/wK4gTJbr4pKfMSW3Y4DFeYAkznYEvyEaB7hHlKcx/GOg==}
    dev: true

  /just-extend/4.2.1:
    resolution: {integrity: sha512-g3UB796vUFIY90VIv/WX3L2c8CS2MdWUww3CNrYmqza1Fg0DURc2K/O4YrnklBdQarSJ/y8JnJYDGc+1iumQjg==}
    dev: true

  /just-filter-object/1.3.0:
    resolution: {integrity: sha512-SIfc+W4xd/BfRtAzMGlduUbmPsJ7Ypvf8BRD5MltjXibvGbDGsn5JE+0GaeXP6BDxmVzpSd5vmIAjnwZNBxdtQ==}
    dev: true

  /just-flatten-it/3.2.0:
    resolution: {integrity: sha512-jC7d8a8F+wMXZz6yyFUjy/Xe/hV8oP53VmKcyTtBGqwJ3XR3/u9+eXyCZUYjaxsC9UyJS540wD/sRHgvrylhoQ==}
    dev: true

  /just-flip-object/1.1.0:
    resolution: {integrity: sha512-8Hf5lyV3imPlPq8ls/5WzB5MEgxo+mCYrl11m9ko4SY8RMYmMdxpvgsXg2B0KqlMPN6RyS6WUv+qS31TTTdJig==}
    dev: true

  /just-flip/1.1.0:
    resolution: {integrity: sha512-7ZZw0AGbfX1L9q2Y0SgvUhbPKWM45/xPh0ZlLxSkiAoYaa7HxaRJp7nILeMZ8/GKbxVglrNk9+jjhC4pt+vfwQ==}
    dev: true

  /just-flush/1.1.0:
    resolution: {integrity: sha512-NY3rXwXBNR/8KCV1xU6FfFWLlNty3U0RpEMpt2rPQlEQfNi8UmDzh1W9obIWWBfV6JrnjrSPVXOTyfxlTqx9hA==}
    dev: true

  /just-group-by/1.1.1:
    resolution: {integrity: sha512-6ibuFrVhs73uPgN3hgfsS9wWAs18KFd85OOnnopNGcPr1fyI7Xl22XAxWUz6/lKd0NvArpqPkIjOIi3jS7SwPA==}
    dev: true

  /just-index/2.2.1:
    resolution: {integrity: sha512-eB8Jg0k9GbFy398++xKbRR1NNcp/877eapiQwGb1eKvx/H0ZOHpn7VTfIiQ8ZnXNyqtlHcj+/PXrndObISf61w==}
    dev: true

  /just-insert/2.2.1:
    resolution: {integrity: sha512-RQjHDpZj60gA3v/mXMPgcSMVHcesZRtWgoWa0lToG9//8Ov27t9JUVZnOi59Tk58jjvfxXHfAg0sTtyhDXbkLQ==}
    dev: true

  /just-intersect/3.2.0:
    resolution: {integrity: sha512-kx/uIY9RgMQQrlvDYl+Z0VDLp0bXp5G2tb+x/SBdh7TWfVBVLhGAS1z3gYUa58+adFYI7KzRwRii5fCyhli6NA==}
    dev: true

  /just-is-circular/1.1.0:
    resolution: {integrity: sha512-eJN/TGhALGUqeKxGO+jP6P50JovFIPiZ1Bb3O09XobxnsBGrN5qgM+ePjhkZvTNPMxbqOfBjnNzTRJH+Upl64w==}
    dev: true

  /just-is-empty/2.0.1:
    resolution: {integrity: sha512-c05XqAnVCLRrd5u8WnKrUKjVsjQHAF8mI1fVUWvnfrAMLFiu/8tWDG/TaKEnQMcQ3YlQPZqdAcsX1gv4G9/Gcw==}
    dev: true

  /just-is-prime/1.1.1:
    resolution: {integrity: sha512-v8oNW9N6/aTP9YkuIx3xANUXOx6vzO3yI+7GtfYKpll4FK4trjKLnDvmtlaXVS4FKx1yQADqlAQc490bfa4IXQ==}
    dev: true

  /just-is-primitive/1.1.0:
    resolution: {integrity: sha512-nIMc0Yfb+Jkw+oiVQ1wQq5zz/JfnOxisJNnNtdodSbl7ooALYcUP7wePbteHNowKDWzyyhSlkjqScrv2Jdu+Zg==}
    dev: true

  /just-kebab-case/1.1.0:
    resolution: {integrity: sha512-QkuwuBMQ9BQHMUEkAtIA4INLrkmnnveqlFB1oFi09gbU0wBdZo6tTnyxNWMR84zHxBuwK7GLAwqN8nrvVxOLTA==}
    dev: true

  /just-last/2.2.0:
    resolution: {integrity: sha512-eiojOKi7GYzc44H0vwrlPtr3nZ38omyQLG2JcwMjoWeEdmIk7ZRosHxlfKqGyqe2NhFHtdcDdUQuog3/qHcBzw==}
    dev: true

  /just-left-pad/2.1.0:
    resolution: {integrity: sha512-WSukTkJ3XI5DwrCqYjOO8+ij+QtatushOrQiDdo1LbbD4x9s+d0tBlFmndvjG4C/uEbmy987naQOpNU2K+7IgQ==}
    dev: true

  /just-map-keys/1.1.0:
    resolution: {integrity: sha512-oNKi+4y7fr8lXnhKYpBbCkiwHRVkAnx0VDkCeTDtKKMzGr1Lz1Yym+RSieKUTKim68emC5Yxrb4YmiF9STDO+g==}
    dev: true

  /just-map-object/1.2.0:
    resolution: {integrity: sha512-OwZKmPmG/+DGPK9vJsVp4HvC3uAcpqeSH4UmlaIQd3QmssNjeegMiLO1sbVadGTA/rkiSszcN1Ie0ZQlkwSzKw==}
    dev: true

  /just-map-values/1.2.1:
    resolution: {integrity: sha512-XLbcbUxfuMbkMKUJhhKCEWRjSS13oWrr5yCZbeg7+8xhk7WJZkVmvzNCtkKtosdguN2bplFnvOOUsd/t8oiGyw==}
    dev: true

  /just-mean/1.1.0:
    resolution: {integrity: sha512-vc+p5eiGRd2a9XILp57XcnaS8h+VXFYKLbEgBv4tm2jgPgEWvGDxKzFSxnjFUNglsWEvu0wSoyTvV5AW07YP7g==}
    dev: true

  /just-median/1.0.2:
    resolution: {integrity: sha512-M7EqTbuXEaRpeO2jemGuQfZJ5XeRHu5wdhQlM1uLJi8GE2M7cmo+pM7SVtN1aJwB1Xy+NK2eQ8QLpZKj39RgFA==}
    dev: true

  /just-memoize/1.1.0:
    resolution: {integrity: sha512-ALigWyjMjGqN0CHLBLCZpi6DatXQ60wLIsaZc7OxH6kdFUC/4nIjyqPUmozQ74augLvLmvJDHa1CCPzqD7oVnA==}
    dev: true

  /just-merge/1.2.0:
    resolution: {integrity: sha512-uAfTXu3OLHIa8HE2li+qxaXAPHT7Y6+pLncbxj+B5Ja3zGLRyJF+MCmVdjCK1XKFvKvcvJfLb1SYTRFSj/dTsw==}
    dev: true

  /just-mode/1.0.0:
    resolution: {integrity: sha512-8PXCKYAvSUF10QV/3UVnmuuwUVyprI0QtA1/32zQiJ/CYqlBFkWsStSDw5rmQOohKWTk0eJtqwQjaZKNjbdAyg==}
    dev: true

  /just-modulo/1.2.1:
    resolution: {integrity: sha512-at6Pj21ZvDNF+rZpvLCLeOJR1j0U34o9TeRUfGiz/WNAghiMNIfCk9vqTP0rXV84iquA4TypQEbsWz0nuYq3Gw==}
    dev: true

  /just-omit/1.1.0:
    resolution: {integrity: sha512-MBDr0a1Yyzht8KK3RS2oUKtJSKRrm+6txDuEFJOXoALnX4h+FcQyWSKVNDlZiClOSIRf1PkzJ+QkKm0pjLS7Mw==}
    dev: true

  /just-once/1.1.1:
    resolution: {integrity: sha512-C0Rjk2NbRc9RWWHE9D6hMD1cm0ppH6rmH0YtM93j05unxH0W1pZWKyMK52z8ZWXFII4ntUHPbpK8/GnaQLS0PA==}
    dev: true

  /just-partial-it/2.1.1:
    resolution: {integrity: sha512-5K3M2sKyPRHIv7VCKdD76wQgaUEqmeiD6Uv28Bx3lRYJj+JuxNn8V2j79wYhs2jfvAStPBEJCcUi/Up7en4VUQ==}
    dev: true

  /just-partition/1.2.0:
    resolution: {integrity: sha512-Gy4KYCD0O0PUpTE3duFe/8blHxUiq3yXGqWwzQ6sVOAHtLt6z36FDE81HsfTYFZhJ9ukcIGDO8ROlIqbJSdHqg==}
    dev: true

  /just-pascal-case/1.1.0:
    resolution: {integrity: sha512-9WrLmpZ2wbt/k9ZAwp8MMc9/RqPRzUZZ+szWmAGFkas4+/z//+xYN8iUOBR2gmpiH8X5rJ+/yMvNFalMSKwmyg==}
    dev: true

  /just-percentile/1.0.1:
    resolution: {integrity: sha512-gSwVylmFKl8yUhxMj/kPNsen5McL8yZoBq33xhB/WHfM6c9ZJighjsRbZ0tOlYmyrhMhS1m8jhtfybzcnUlOKg==}
    dev: true

  /just-permutations/1.0.0:
    resolution: {integrity: sha512-afmDEE5ZwOuY2WJRIh31WmtzUg+iPzXHY2HJ+8eQlrgnKQoXvtWC9TyNIUWd4rfOpXYeZLTXBfWwofIHrYNHXA==}
    dev: true

  /just-pick/2.2.1:
    resolution: {integrity: sha512-OHNALFP20RBx164wDu98FI5oO7q7DRnF0h4GgCqV7y29+bR4oITLAVsnZZjIsXwvQQm3GHdOyvl+fZDgYtmWwQ==}
    dev: true

  /just-pluck-it/1.2.0:
    resolution: {integrity: sha512-iDzNYZdBBr2Wkw8zrGFJvNfcvat1Mh1o7qxpJpQA829z0ZRvTTqWzL9+O2r+kODXMZb0KeTuqCW0kgaLyQVBPg==}
    dev: true

  /just-prune/1.1.0:
    resolution: {integrity: sha512-UngsSOCxaXU55g273z6WmF1ja72Pteu906qEKiukCHpbksUNg19Zj+oglaOg5FhiJ0UeMSZWo8xddZi5/CAWnQ==}
    dev: true

  /just-random/2.1.0:
    resolution: {integrity: sha512-EsNWjWEiDFrwHoKreg44wx34Aqw7lwtbAQaspYjc7LFWo7PjTcC56CJGxD+5hLtApgcb5QzLt/x4zowcYmZj+A==}
    dev: true

  /just-range/2.2.0:
    resolution: {integrity: sha512-JKHygNvIu+tX/+oOI+zNznQE0M8jM241fsjuac2i9OBlIXD7w4CGGuakXYc6Dne5vv9pEXgmCv8+WEFKwiGFTg==}
    dev: true

  /just-reduce-object/1.1.0:
    resolution: {integrity: sha512-nGyg7N9FEZsyrGQNilkyVLxKPsf96iel5v0DrozQ19ML+96HntyS/53bOP68iK/kZUGvsL3FKygV8nQYYhgTFw==}
    dev: true

  /just-remove/2.1.0:
    resolution: {integrity: sha512-oEIpm/E8R7HddwCF83PN7sqaAgwucYO+65XGoVi5MDcpGKH5ocKIIA0B0+zRufnK7UevTmNCkCbVDSYRPBvuZQ==}
    dev: true

  /just-replace-all/1.0.0:
    resolution: {integrity: sha512-5MXg2hnrLXB1J0NSigas4DxUwK7gs6jEHFt5F+dPTYFZcgZipexcjR25FKa14FPlxHMDG2/FIfEoP72tPqrgqA==}
    dev: true

  /just-right-pad/2.1.0:
    resolution: {integrity: sha512-bjjhcX28+EEVc15KK7uG3aa+IpWvDmJZmoAXk3QsosjmNJaZ/zoR8Y3QBcUlwndJbj3P/4R2jA6ny4+DyFCYGg==}
    dev: true

  /just-safe-get/2.1.2:
    resolution: {integrity: sha512-DPWEh00QFgJNyfULPwgc9rTvdiPYVyt69hcgjWbN3lzKMmISW43Hwc+nlRAIo+su6PLVqUOMEUJNYR1xFog7xQ==}
    dev: true

  /just-safe-set/2.2.2:
    resolution: {integrity: sha512-mRI+4M6DPg/eUaqXQkt5hdlY3oSRKtWtQdZA5NDKyfvCEtVaeObBnFPJmVDdJC6cSIosws5PvLuyw9wJihjeFQ==}
    dev: true

  /just-shuffle/3.1.0:
    resolution: {integrity: sha512-bN6NYWMGAwhydU0BIAcEBh37W4kdn/CUrXtDuetyqOLesxm+66HyoZHII8zg+WWXsNTuyfGQKkW1eNAlqRLksQ==}
    dev: true

  /just-skewness/1.0.2:
    resolution: {integrity: sha512-thtWyIennrOCPVYvwjRKnnlIdrqRCCgGzsaaSkXWwCJrwiwOED3VRUfuFhx/wwENxTgYSKy21yvgf9ATMt7iSw==}
    dev: true

  /just-snake-case/1.2.1:
    resolution: {integrity: sha512-ZhHKSHP3zVoZVwHdVAm5BqBruGtIWZ8W8NnTXj5/9jP7apN9GYYeoBSeJyt3yRfbfc3hT1Pe6bnW6nMmv8bMeQ==}
    dev: true

  /just-sort-by/1.0.0:
    resolution: {integrity: sha512-u8x/2qtoG+NMdC1wHE81KlYPcl0zwbmOWLWGx1hhcManifv6YOmZrbSJyAKhcMaOr4UJ9UoK91ye+gFlQxUGYw==}
    dev: true

  /just-split-at/2.2.0:
    resolution: {integrity: sha512-kbI3Car3HYyZAeupgf3VAdBKYT1nsNxFQ5hxqvz5NAyRyFXGmEqqjIfVE5vKcWa6YYt7w0Qm/tkJy9KIU0fdxA==}
    dev: true

  /just-split/2.2.1:
    resolution: {integrity: sha512-QlZVyA7MRuzd20MeXqBudQX9Mt7J3d175qsQrHWdbYtc0ry9c5BloHvux7B5xLmvv3ewIPa14XNCy99Kwa3EbQ==}
    dev: true

  /just-squash/1.1.0:
    resolution: {integrity: sha512-FgKicpsrYDibEyXZUbdj6ivrhe7RLsEPZL+avUfQRsrnoh7Lzpeu8uXmuf28S3Elk8EfhkBaLMDTjiu+GTVqeA==}
    dev: true

  /just-stdev/1.0.0:
    resolution: {integrity: sha512-shcADFCZxe+JhOm/2YC3ds2sMA7xAK9UNt5b3la7jWkVDW6IJc553mkB9RIsVlX3hIhyaHsSLwyJlQCozN9A9w==}
    dev: true

  /just-tail/2.2.0:
    resolution: {integrity: sha512-O4qEVJqFwO4vzX5SReFYNmYuTSgNdQV64HLNoX2EbtJPFfIC54WJJR6FIUgnAg2sunEn4yYYpBHarQZDTfOZjQ==}
    dev: true

  /just-template/1.2.0:
    resolution: {integrity: sha512-4+6AlhfZ9JYcSCjItKeFbgAaR8nKIHO148FoDXYXecMJ+YWeoLYZKyE5gbQ6MkIIMdaI01/wODtnoL+D4zFysg==}
    dev: true

  /just-throttle/2.3.1:
    resolution: {integrity: sha512-0H4miIAWZYpnpg7oD/Y/PBb77ISSHAETif5xK9EnwIgYCO6oC8ErkJxDumMUTR44shSOwptRIArRuvNuvN/hOw==}
    dev: true

  /just-truncate/1.1.0:
    resolution: {integrity: sha512-s6ESoBb9mcUKUfse/czFS1BGwUQWsg9t8+zE2898xLM/MLriKR3sjml4C1HKpcKcOIJ358PaIpGXGP1c727IOQ==}
    dev: true

  /just-typeof/2.0.0:
    resolution: {integrity: sha512-9CZPD3KH7sb6oLbgKRx7979HZO6R0E0Ton34zpURt159Sgj1HtKeBIdqKgEEZCjdGKYTnhbONJf7a5Jp5Of6iQ==}
    dev: true

  /just-union/2.2.0:
    resolution: {integrity: sha512-QSitRBSCSR7mziB2SGTYiLRwG2ymE2DJjtLjOdlzE2AIK+fGN0w9bi+7CIpEQq7yQd1B0CS1pbq0a5oBsPgIHg==}
    dev: true

  /just-unique/3.3.0:
    resolution: {integrity: sha512-v4XPUCMFZqLU1xCOcJBP5q51wo0xfYw/lWUR0gWjI9wgXZ9/P4x/TNoINmPDtELqb0ZmML45puvZh2AL1hjH+Q==}
    dev: true

  /just-values/1.1.0:
    resolution: {integrity: sha512-iyVaxuZetKmAqaFv3TX7EnOD6lHH23re8fYwlFXs6FTSGIAfuidcKy1XIMdCfMX3FKwybnn/Ig/E0HkuNM/d3g==}
    dev: true

  /just-variance/1.0.0:
    resolution: {integrity: sha512-l0l1+ekAvoR9TrbiNwLOpX9Q1XRB7J8RIdIJMt8pmqi9brz470BxbwNo6K4p6XhSwGOWI65543zKfCmkf1DsgA==}
    dev: true

  /just-zip-it/2.1.0:
    resolution: {integrity: sha512-+5+Gd4t/VWUpWeCM0pxUFvNdYnkIKhjQCQrLyMkVUUyMeJQwxkf/E7pih5hLui8JMRR2VpuizXqs3c3rop1URw==}
    dev: true

  /magic-string/0.25.7:
    resolution: {integrity: sha512-4CrMT5DOHTDk4HYDlzmwu4FVCcIYI8gauveasrdCu2IKIFOJ3f0v/8MDGJCDL9oD2ppz/Av1b0Nj345H9M+XIA==}
    dependencies:
      sourcemap-codec: 1.4.8
    dev: true

  /minimatch/3.0.4:
    resolution: {integrity: sha512-yJHVQEhyqPLUTgt9B83PXu6W3rx4MvvHvSUvToogpwoGDOUQ+yDrR0HRot+yOCdCO7u4hX3pWft6kWBBcqh0UA==}
    dependencies:
      brace-expansion: 1.1.11
    dev: true

  /once/1.4.0:
    resolution: {integrity: sha1-WDsap3WWHUsROsF9nFC6753Xa9E=}
    dependencies:
      wrappy: 1.0.2
    dev: true

  /path-is-absolute/1.0.1:
    resolution: {integrity: sha1-F0uSaHNVNP+8es5r9TpanhtcX18=}
    engines: {node: '>=0.10.0'}
    dev: true

  /path-parse/1.0.7:
    resolution: {integrity: sha512-LDJzPVEEEPR+y48z93A0Ed0yXb8pAByGWo/k5YYdYgpY2/2EsOsksJrq7lOHxryrVOn1ejG6oAp8ahvOIQD8sw==}
    dev: true

  /picomatch/2.3.0:
    resolution: {integrity: sha512-lY1Q/PiJGC2zOv/z391WOTD+Z02bCgsFfvxoXXf6h7kv9o+WmsmzYqrAwY63sNgOxE4xEdq0WyUnXfKeBrSvYw==}
    engines: {node: '>=8.6'}
    dev: true

  /resolve/1.20.0:
    resolution: {integrity: sha512-wENBPt4ySzg4ybFQW2TT1zMQucPK95HSh/nq2CFTZVOGut2+pQvSsgtda4d26YrYcr067wjbmzOG8byDPBX63A==}
    dependencies:
      is-core-module: 2.4.0
      path-parse: 1.0.7
    dev: true

  /rimraf/3.0.2:
    resolution: {integrity: sha512-JZkJMZkAGFFPP2YqXZXPbMlMBgsxzE8ILs4lMIX/2o0L9UBw9O/Y3o6wFw/i9YLapcUJWwqbi3kdxIPdC62TIA==}
    hasBin: true
    dependencies:
      glob: 7.1.7
    dev: true

  /rollup/2.52.4:
    resolution: {integrity: sha512-AXgUxxWXyGfsj8GKleR1k8KsG8G+7ZZDRU9RZb9PnLGSyTqI/1qf/+QSp1hRaR40j4yfBCKXs5khtGKiFwihfg==}
    engines: {node: '>=10.0.0'}
    hasBin: true
    optionalDependencies:
      fsevents: 2.3.2
    dev: true

  /sourcemap-codec/1.4.8:
    resolution: {integrity: sha512-9NykojV5Uih4lgo5So5dtw+f0JgJX30KCNI8gwhz2J9A15wD0Ml6tjHKwf6fTSa6fAdVBdZeNOs9eJ71qCk8vA==}
    dev: true

  /wrappy/1.0.2:
    resolution: {integrity: sha1-tSQ9jz7BqjXxNkYFvA0QNuMKtp8=}
    dev: true
